SITE
  remote: http://community.opscode.com/api/v1
  specs:
    build-essential (1.3.4)
    ohai (1.1.8)
    openssl (1.0.2)
    runit (1.1.0)
      build-essential (>= 0.0.0)
    xml (1.1.2)
      build-essential (>= 0.0.0)
    yum (2.1.0)

GIT
  remote: git://github.com/opscode-cookbooks/mysql.git
  ref: master
  sha: 29bd72bbfd56d7bea1d31e139815d508a673cbf2
  specs:
    mysql (2.1.3)
      build-essential (>= 0.0.0)
      openssl (>= 0.0.0)

GIT
  remote: git://github.com/opscode-cookbooks/nginx.git
  ref: master
  sha: aef8b784687f7d42df2166f4c446b7c5e162f8ad
  specs:
    nginx (1.4.0)
      apt (>= 0.0.0)
      build-essential (>= 0.0.0)
      ohai (>= 1.1.4)
      yum (>= 0.0.0)

GIT
  remote: git://github.com/opscode-cookbooks/php.git
  ref: master
  sha: fa716be0dc58a84b13082c0f1ba6331ee99e59d7
  specs:
    php (1.1.8)
      build-essential (>= 0.0.0)
      mysql (>= 0.0.0)
      xml (>= 0.0.0)

GIT
  remote: git://github.com/yevgenko/cookbook-php-fpm.git
  ref: master
  sha: b0997725ee8a4dd92b35ce90650edc50b231aa18
  specs:
    php-fpm (0.3.3)
      apt (>= 0.0.0)
      yum (>= 0.0.0)

GIT
  remote: git://github.com/zircote/chef-composer.git
  ref: master
  sha: 0bfd9d7b50cff2eedc01a1eba99113506e622867
  specs:
    composer (0.1.0)

GIT
  remote: https://github.com/fnichol/chef-apt
  ref: master
  sha: cb998dfdeffbcbb6805527b046b411206d6c77d6
  specs:
    apt (1.2.0)

GIT
  remote: https://github.com/fnichol/chef-git.git
  ref: master
  sha: 6c19cbefcdad5ec0f62a64dae1f656d660698ea3
  specs:
    git (0.9.0)
      runit (>= 0.0.0)

DEPENDENCIES
  apt (>= 0)
  build-essential (>= 0)
  composer (>= 0)
  git (>= 0)
  mysql (>= 0)
  nginx (>= 0)
  php (>= 0)
  php-fpm (>= 0)

